
Microsoft Visual Studio Solution File, Format Version 12.00
# Visual Studio Version 16
VisualStudioVersion = 16.0.31105.61
MinimumVisualStudioVersion = 10.0.40219.1
Project("{FAE04EC0-301F-11D3-BF4B-00C04F79EFBC}") = "CalculatePi", "CalculatePi\CalculatePi.csproj", "{ED04D7A1-9842-41C2-85D4-F200539113C2}"
EndProject
Global
	GlobalSection(SolutionConfigurationPlatforms) = preSolution
		Debug|Any CPU = Debug|Any CPU
		Release|Any CPU = Release|Any CPU
	EndGlobalSection
	GlobalSection(ProjectConfigurationPlatforms) = postSolution
		{ED04D7A1-9842-41C2-85D4-F200539113C2}.Debug|Any CPU.ActiveCfg = Debug|Any CPU
		{ED04D7A1-9842-41C2-85D4-F200539113C2}.Debug|Any CPU.Build.0 = Debug|Any CPU
		{ED04D7A1-9842-41C2-85D4-F200539113C2}.Release|Any CPU.ActiveCfg = Release|Any CPU
		{ED04D7A1-9842-41C2-85D4-F200539113C2}.Release|Any CPU.Build.0 = Release|Any CPU
	EndGlobalSection
	GlobalSection(SolutionProperties) = preSolution
		HideSolutionNode = FALSE
	EndGlobalSection
	GlobalSection(ExtensibilityGlobals) = postSolution
		SolutionGuid = {55370C9C-683B-4117-A159-A3877B0BA236}
	EndGlobalSection
EndGlobal
